<?xml version="1.0" encoding="utf-8"?>
<Project ToolsVersion="4.0" xmlns="http://schemas.microsoft.com/developer/msbuild/2003">
  <ItemGroup>
    <Filter Include="Resource Files">
      <UniqueIdentifier>{67DA6AB6-F800-4c08-8B7A-83BB121AAD01}</UniqueIdentifier>
      <Extensions>rc;ico;cur;bmp;dlg;rc2;rct;bin;rgs;gif;jpg;jpeg;jpe;resx;tiff;tif;png;wav;mfcribbon-ms</Extensions>
    </Filter>
    <Filter Include="Generated Files">
      <UniqueIdentifier>{62cca143-3a04-4e0e-91cc-c1244303556c}</UniqueIdentifier>
    </Filter>
  </ItemGroup>
  <ItemGroup>
    <ClInclude Include="Common.h" />
    <ClInclude Include="String16.h" />
    <ClInclude Include="StringUtil.h" />
    <ClInclude Include="generated\include\Debugger.h" />
    <ClInclude Include="generated\include\Runtime.h" />
    <ClInclude Include="generated\include\Schema.h" />
    <ClInclude Include="generated\protocol\Console.h" />
    <ClInclude Include="generated\protocol\Debugger.h" />
    <ClInclude Include="generated\protocol\Forward.h" />
    <ClInclude Include="generated\protocol\Protocol.h" />
    <ClInclude Include="generated\protocol\Runtime.h" />
    <ClInclude Include="generated\protocol\Schema.h" />
  </ItemGroup>
  <ItemGroup>
    <ClCompile Include="Common.cpp" />
    <ClCompile Include="String16.cpp" />
    <ClCompile Include="StringUtil.cpp" />
    <ClCompile Include="generated\protocol\Console.cpp" />
    <ClCompile Include="generated\protocol\Debugger.cpp" />
    <ClCompile Include="generated\protocol\Protocol.cpp" />
    <ClCompile Include="generated\protocol\Runtime.cpp" />
    <ClCompile Include="generated\protocol\Schema.cpp" />
  </ItemGroup>
  <ItemGroup>
    <None Include="inspector_protocol_config.json" />
    <None Include="js_protocol.json" />
    <None Include="GenerateProtocol.py" />
  </ItemGroup>
</Project>